
Microsoft Visual Studio Solution File, Format Version 12.00
# Visual Studio Version 17
VisualStudioVersion = 17.3.32901.215
MinimumVisualStudioVersion = 10.0.40219.1
Project("{FAE04EC0-301F-11D3-BF4B-00C04F79EFBC}") = "CoffeeShopProductListLab", "CoffeeShopProductListLab\CoffeeShopProductListLab.csproj", "{E174807C-70C1-4D8A-A99E-98D012950577}"
EndProject
Global
	GlobalSection(SolutionConfigurationPlatforms) = preSolution
		Debug|Any CPU = Debug|Any CPU
		Release|Any CPU = Release|Any CPU
	EndGlobalSection
	GlobalSection(ProjectConfigurationPlatforms) = postSolution
		{E174807C-70C1-4D8A-A99E-98D012950577}.Debug|Any CPU.ActiveCfg = Debug|Any CPU
		{E174807C-70C1-4D8A-A99E-98D012950577}.Debug|Any CPU.Build.0 = Debug|Any CPU
		{E174807C-70C1-4D8A-A99E-98D012950577}.Release|Any CPU.ActiveCfg = Release|Any CPU
		{E174807C-70C1-4D8A-A99E-98D012950577}.Release|Any CPU.Build.0 = Release|Any CPU
	EndGlobalSection
	GlobalSection(SolutionProperties) = preSolution
		HideSolutionNode = FALSE
	EndGlobalSection
	GlobalSection(ExtensibilityGlobals) = postSolution
		SolutionGuid = {721215F1-4B31-41B2-A5AB-9F545E803047}
	EndGlobalSection
EndGlobal
